// !$*UTF8*$!
{
	archiveVersion = 1;
	classes = {
	};
	objectVersion = 55;
	objects = {

/* Begin PBXBuildFile section */
		2C498FEA28A9806A0095146E /* OrderVC.swift in Sources */ = {isa = PBXBuildFile; fileRef = 2C498FE928A9806A0095146E /* OrderVC.swift */; };
		2C498FEC28A982E60095146E /* CheckboxStyle.swift in Sources */ = {isa = PBXBuildFile; fileRef = 2C498FEB28A982E60095146E /* CheckboxStyle.swift */; };
		2C5E1D8A28A6CB3A00B1C108 /* SwiftUI_Design_ExampleApp.swift in Sources */ = {isa = PBXBuildFile; fileRef = 2C5E1D8928A6CB3A00B1C108 /* SwiftUI_Design_ExampleApp.swift */; };
		2C5E1D8C28A6CB3A00B1C108 /* ContentView.swift in Sources */ = {isa = PBXBuildFile; fileRef = 2C5E1D8B28A6CB3A00B1C108 /* ContentView.swift */; };
		2C5E1D8E28A6CB3D00B1C108 /* Assets.xcassets in Resources */ = {isa = PBXBuildFile; fileRef = 2C5E1D8D28A6CB3D00B1C108 /* Assets.xcassets */; };
		2C5E1D9128A6CB3D00B1C108 /* Preview Assets.xcassets in Resources */ = {isa = PBXBuildFile; fileRef = 2C5E1D9028A6CB3D00B1C108 /* Preview Assets.xcassets */; };
		2C5E1D9A28A6E36100B1C108 /* MenuItem.swift in Sources */ = {isa = PBXBuildFile; fileRef = 2C5E1D9928A6E36100B1C108 /* MenuItem.swift */; };
		2C5E1D9C28A6E71400B1C108 /* CellDesign.swift in Sources */ = {isa = PBXBuildFile; fileRef = 2C5E1D9B28A6E71400B1C108 /* CellDesign.swift */; };
		2C98043728B01F5600E631B7 /* OrderCellDesign.swift in Sources */ = {isa = PBXBuildFile; fileRef = 2C98043628B01F5600E631B7 /* OrderCellDesign.swift */; };
		2CD95A9728B2A7E2002972D8 /* Menu.json in Resources */ = {isa = PBXBuildFile; fileRef = 2CD95A9628B2A7E2002972D8 /* Menu.json */; };
		2CD95A9928B2A8D5002972D8 /* ItemModel.swift in Sources */ = {isa = PBXBuildFile; fileRef = 2CD95A9828B2A8D5002972D8 /* ItemModel.swift */; };
		2CD95A9B28B2A9A5002972D8 /* ModelData.swift in Sources */ = {isa = PBXBuildFile; fileRef = 2CD95A9A28B2A9A5002972D8 /* ModelData.swift */; };
/* End PBXBuildFile section */

/* Begin PBXFileReference section */
		2C498FE928A9806A0095146E /* OrderVC.swift */ = {isa = PBXFileReference; lastKnownFileType = sourcecode.swift; path = OrderVC.swift; sourceTree = "<group>"; };
		2C498FEB28A982E60095146E /* CheckboxStyle.swift */ = {isa = PBXFileReference; lastKnownFileType = sourcecode.swift; path = CheckboxStyle.swift; sourceTree = "<group>"; };
		2C5E1D8628A6CB3A00B1C108 /* SwiftUI-Design-Example.app */ = {isa = PBXFileReference; explicitFileType = wrapper.application; includeInIndex = 0; path = "SwiftUI-Design-Example.app"; sourceTree = BUILT_PRODUCTS_DIR; };
		2C5E1D8928A6CB3A00B1C108 /* SwiftUI_Design_ExampleApp.swift */ = {isa = PBXFileReference; lastKnownFileType = sourcecode.swift; path = SwiftUI_Design_ExampleApp.swift; sourceTree = "<group>"; };
		2C5E1D8B28A6CB3A00B1C108 /* ContentView.swift */ = {isa = PBXFileReference; lastKnownFileType = sourcecode.swift; path = ContentView.swift; sourceTree = "<group>"; };
		2C5E1D8D28A6CB3D00B1C108 /* Assets.xcassets */ = {isa = PBXFileReference; lastKnownFileType = folder.assetcatalog; path = Assets.xcassets; sourceTree = "<group>"; };
		2C5E1D9028A6CB3D00B1C108 /* Preview Assets.xcassets */ = {isa = PBXFileReference; lastKnownFileType = folder.assetcatalog; path = "Preview Assets.xcassets"; sourceTree = "<group>"; };
		2C5E1D9928A6E36100B1C108 /* MenuItem.swift */ = {isa = PBXFileReference; lastKnownFileType = sourcecode.swift; path = MenuItem.swift; sourceTree = "<group>"; };
		2C5E1D9B28A6E71400B1C108 /* CellDesign.swift */ = {isa = PBXFileReference; lastKnownFileType = sourcecode.swift; path = CellDesign.swift; sourceTree = "<group>"; };
		2C98043628B01F5600E631B7 /* OrderCellDesign.swift */ = {isa = PBXFileReference; lastKnownFileType = sourcecode.swift; path = OrderCellDesign.swift; sourceTree = "<group>"; };
		2CD95A9628B2A7E2002972D8 /* Menu.json */ = {isa = PBXFileReference; lastKnownFileType = text.json; path = Menu.json; sourceTree = "<group>"; };
		2CD95A9828B2A8D5002972D8 /* ItemModel.swift */ = {isa = PBXFileReference; lastKnownFileType = sourcecode.swift; path = ItemModel.swift; sourceTree = "<group>"; };
		2CD95A9A28B2A9A5002972D8 /* ModelData.swift */ = {isa = PBXFileReference; lastKnownFileType = sourcecode.swift; path = ModelData.swift; sourceTree = "<group>"; };
/* End PBXFileReference section */

/* Begin PBXFrameworksBuildPhase section */
		2C5E1D8328A6CB3A00B1C108 /* Frameworks */ = {
			isa = PBXFrameworksBuildPhase;
			buildActionMask = 2147483647;
			files = (
			);
			runOnlyForDeploymentPostprocessing = 0;
		};
/* End PBXFrameworksBuildPhase section */

/* Begin PBXGroup section */
		2C5E1D7D28A6CB3A00B1C108 = {
			isa = PBXGroup;
			children = (
				2C5E1D8828A6CB3A00B1C108 /* SwiftUI-Design-Example */,
				2C5E1D8728A6CB3A00B1C108 /* Products */,
			);
			sourceTree = "<group>";
		};
		2C5E1D8728A6CB3A00B1C108 /* Products */ = {
			isa = PBXGroup;
			children = (
				2C5E1D8628A6CB3A00B1C108 /* SwiftUI-Design-Example.app */,
			);
			name = Products;
			sourceTree = "<group>";
		};
		2C5E1D8828A6CB3A00B1C108 /* SwiftUI-Design-Example */ = {
			isa = PBXGroup;
			children = (
				2C5E1D9728A6E2D900B1C108 /* Model */,
				2C5E1D9828A6E2E600B1C108 /* View */,
				2C5E1D8D28A6CB3D00B1C108 /* Assets.xcassets */,
				2C5E1D8F28A6CB3D00B1C108 /* Preview Content */,
				2CAAE95428B273B100703AC8 /* Mock */,
			);
			path = "SwiftUI-Design-Example";
			sourceTree = "<group>";
		};
		2C5E1D8F28A6CB3D00B1C108 /* Preview Content */ = {
			isa = PBXGroup;
			children = (
				2C5E1D9028A6CB3D00B1C108 /* Preview Assets.xcassets */,
			);
			path = "Preview Content";
			sourceTree = "<group>";
		};
		2C5E1D9728A6E2D900B1C108 /* Model */ = {
			isa = PBXGroup;
			children = (
				2C5E1D9928A6E36100B1C108 /* MenuItem.swift */,
				2C498FEB28A982E60095146E /* CheckboxStyle.swift */,
				2CD95A9828B2A8D5002972D8 /* ItemModel.swift */,
				2CD95A9A28B2A9A5002972D8 /* ModelData.swift */,
			);
			path = Model;
			sourceTree = "<group>";
		};
		2C5E1D9828A6E2E600B1C108 /* View */ = {
			isa = PBXGroup;
			children = (
				2C5E1D9B28A6E71400B1C108 /* CellDesign.swift */,
				2C5E1D8B28A6CB3A00B1C108 /* ContentView.swift */,
				2C5E1D8928A6CB3A00B1C108 /* SwiftUI_Design_ExampleApp.swift */,
				2C498FE928A9806A0095146E /* OrderVC.swift */,
				2C98043628B01F5600E631B7 /* OrderCellDesign.swift */,
			);
			path = View;
			sourceTree = "<group>";
		};
		2CAAE95428B273B100703AC8 /* Mock */ = {
			isa = PBXGroup;
			children = (
				2CD95A9628B2A7E2002972D8 /* Menu.json */,
			);
			path = Mock;
			sourceTree = "<group>";
		};
/* End PBXGroup section */

/* Begin PBXNativeTarget section */
		2C5E1D8528A6CB3A00B1C108 /* SwiftUI-Design-Example */ = {
			isa = PBXNativeTarget;
			buildConfigurationList = 2C5E1D9428A6CB3D00B1C108 /* Build configuration list for PBXNativeTarget "SwiftUI-Design-Example" */;
			buildPhases = (
				2C5E1D8228A6CB3A00B1C108 /* Sources */,
				2C5E1D8328A6CB3A00B1C108 /* Frameworks */,
				2C5E1D8428A6CB3A00B1C108 /* Resources */,
			);
			buildRules = (
			);
			dependencies = (
			);
			name = "SwiftUI-Design-Example";
			productName = "SwiftUI-Design-Example";
			productReference = 2C5E1D8628A6CB3A00B1C108 /* SwiftUI-Design-Example.app */;
			productType = "com.apple.product-type.application";
		};
/* End PBXNativeTarget section */

/* Begin PBXProject section */
		2C5E1D7E28A6CB3A00B1C108 /* Project object */ = {
			isa = PBXProject;
			attributes = {
				BuildIndependentTargetsInParallel = 1;
				LastSwiftUpdateCheck = 1340;
				LastUpgradeCheck = 1340;
				TargetAttributes = {
					2C5E1D8528A6CB3A00B1C108 = {
						CreatedOnToolsVersion = 13.4.1;
					};
				};
			};
			buildConfigurationList = 2C5E1D8128A6CB3A00B1C108 /* Build configuration list for PBXProject "SwiftUI-Design-Example" */;
			compatibilityVersion = "Xcode 13.0";
			developmentRegion = en;
			hasScannedForEncodings = 0;
			knownRegions = (
				en,
				Base,
			);
			mainGroup = 2C5E1D7D28A6CB3A00B1C108;
			productRefGroup = 2C5E1D8728A6CB3A00B1C108 /* Products */;
			projectDirPath = "";
			projectRoot = "";
			targets = (
				2C5E1D8528A6CB3A00B1C108 /* SwiftUI-Design-Example */,
			);
		};
/* End PBXProject section */

/* Begin PBXResourcesBuildPhase section */
		2C5E1D8428A6CB3A00B1C108 /* Resources */ = {
			isa = PBXResourcesBuildPhase;
			buildActionMask = 2147483647;
			files = (
				2C5E1D9128A6CB3D00B1C108 /* Preview Assets.xcassets in Resources */,
				2CD95A9728B2A7E2002972D8 /* Menu.json in Resources */,
				2C5E1D8E28A6CB3D00B1C108 /* Assets.xcassets in Resources */,
			);
			runOnlyForDeploymentPostprocessing = 0;
		};
/* End PBXResourcesBuildPhase section */

/* Begin PBXSourcesBuildPhase section */
		2C5E1D8228A6CB3A00B1C108 /* Sources */ = {
			isa = PBXSourcesBuildPhase;
			buildActionMask = 2147483647;
			files = (
				2C5E1D9A28A6E36100B1C108 /* MenuItem.swift in Sources */,
				2C5E1D9C28A6E71400B1C108 /* CellDesign.swift in Sources */,
				2CD95A9B28B2A9A5002972D8 /* ModelData.swift in Sources */,
				2CD95A9928B2A8D5002972D8 /* ItemModel.swift in Sources */,
				2C5E1D8C28A6CB3A00B1C108 /* ContentView.swift in Sources */,
				2C5E1D8A28A6CB3A00B1C108 /* SwiftUI_Design_ExampleApp.swift in Sources */,
				2C498FEC28A982E60095146E /* CheckboxStyle.swift in Sources */,
				2C498FEA28A9806A0095146E /* OrderVC.swift in Sources */,
				2C98043728B01F5600E631B7 /* OrderCellDesign.swift in Sources */,
			);
			runOnlyForDeploymentPostprocessing = 0;
		};
/* End PBXSourcesBuildPhase section */

/* Begin XCBuildConfiguration section */
		2C5E1D9228A6CB3D00B1C108 /* Debug */ = {
			isa = XCBuildConfiguration;
			buildSettings = {
				ALWAYS_SEARCH_USER_PATHS = NO;
				CLANG_ANALYZER_NONNULL = YES;
				CLANG_ANALYZER_NUMBER_OBJECT_CONVERSION = YES_AGGRESSIVE;
				CLANG_CXX_LANGUAGE_STANDARD = "gnu++17";
				CLANG_ENABLE_MODULES = YES;
				CLANG_ENABLE_OBJC_ARC = YES;
				CLANG_ENABLE_OBJC_WEAK = YES;
				CLANG_WARN_BLOCK_CAPTURE_AUTORELEASING = YES;
				CLANG_WARN_BOOL_CONVERSION = YES;
				CLANG_WARN_COMMA = YES;
				CLANG_WARN_CONSTANT_CONVERSION = YES;
				CLANG_WARN_DEPRECATED_OBJC_IMPLEMENTATIONS = YES;
				CLANG_WARN_DIRECT_OBJC_ISA_USAGE = YES_ERROR;
				CLANG_WARN_DOCUMENTATION_COMMENTS = YES;
				CLANG_WARN_EMPTY_BODY = YES;
				CLANG_WARN_ENUM_CONVERSION = YES;
				CLANG_WARN_INFINITE_RECURSION = YES;
				CLANG_WARN_INT_CONVERSION = YES;
				CLANG_WARN_NON_LITERAL_NULL_CONVERSION = YES;
				CLANG_WARN_OBJC_IMPLICIT_RETAIN_SELF = YES;
				CLANG_WARN_OBJC_LITERAL_CONVERSION = YES;
				CLANG_WARN_OBJC_ROOT_CLASS = YES_ERROR;
				CLANG_WARN_QUOTED_INCLUDE_IN_FRAMEWORK_HEADER = YES;
				CLANG_WARN_RANGE_LOOP_ANALYSIS = YES;
				CLANG_WARN_STRICT_PROTOTYPES = YES;
				CLANG_WARN_SUSPICIOUS_MOVE = YES;
				CLANG_WARN_UNGUARDED_AVAILABILITY = YES_AGGRESSIVE;
				CLANG_WARN_UNREACHABLE_CODE = YES;
				CLANG_WARN__DUPLICATE_METHOD_MATCH = YES;
				COPY_PHASE_STRIP = NO;
				DEBUG_INFORMATION_FORMAT = dwarf;
				ENABLE_STRICT_OBJC_MSGSEND = YES;
				ENABLE_TESTABILITY = YES;
				GCC_C_LANGUAGE_STANDARD = gnu11;
				GCC_DYNAMIC_NO_PIC = NO;
				GCC_NO_COMMON_BLOCKS = YES;
				GCC_OPTIMIZATION_LEVEL = 0;
				GCC_PREPROCESSOR_DEFINITIONS = (
					"DEBUG=1",
					"$(inherited)",
				);
				GCC_WARN_64_TO_32_BIT_CONVERSION = YES;
				GCC_WARN_ABOUT_RETURN_TYPE = YES_ERROR;
				GCC_WARN_UNDECLARED_SELECTOR = YES;
				GCC_WARN_UNINITIALIZED_AUTOS = YES_AGGRESSIVE;
				GCC_WARN_UNUSED_FUNCTION = YES;
				GCC_WARN_UNUSED_VARIABLE = YES;
				IPHONEOS_DEPLOYMENT_TARGET = 15.5;
				MTL_ENABLE_DEBUG_INFO = INCLUDE_SOURCE;
				MTL_FAST_MATH = YES;
				ONLY_ACTIVE_ARCH = YES;
				SDKROOT = iphoneos;
				SWIFT_ACTIVE_COMPILATION_CONDITIONS = DEBUG;
				SWIFT_OPTIMIZATION_LEVEL = "-Onone";
			};
			name = Debug;
		};
		2C5E1D9328A6CB3D00B1C108 /* Release */ = {
			isa = XCBuildConfiguration;
			buildSettings = {
				ALWAYS_SEARCH_USER_PATHS = NO;
				CLANG_ANALYZER_NONNULL = YES;
				CLANG_ANALYZER_NUMBER_OBJECT_CONVERSION = YES_AGGRESSIVE;
				CLANG_CXX_LANGUAGE_STANDARD = "gnu++17";
				CLANG_ENABLE_MODULES = YES;
				CLANG_ENABLE_OBJC_ARC = YES;
				CLANG_ENABLE_OBJC_WEAK = YES;
				CLANG_WARN_BLOCK_CAPTURE_AUTORELEASING = YES;
				CLANG_WARN_BOOL_CONVERSION = YES;
				CLANG_WARN_COMMA = YES;
				CLANG_WARN_CONSTANT_CONVERSION = YES;
				CLANG_WARN_DEPRECATED_OBJC_IMPLEMENTATIONS = YES;
				CLANG_WARN_DIRECT_OBJC_ISA_USAGE = YES_ERROR;
				CLANG_WARN_DOCUMENTATION_COMMENTS = YES;
				CLANG_WARN_EMPTY_BODY = YES;
				CLANG_WARN_ENUM_CONVERSION = YES;
				CLANG_WARN_INFINITE_RECURSION = YES;
				CLANG_WARN_INT_CONVERSION = YES;
				CLANG_WARN_NON_LITERAL_NULL_CONVERSION = YES;
				CLANG_WARN_OBJC_IMPLICIT_RETAIN_SELF = YES;
				CLANG_WARN_OBJC_LITERAL_CONVERSION = YES;
				CLANG_WARN_OBJC_ROOT_CLASS = YES_ERROR;
				CLANG_WARN_QUOTED_INCLUDE_IN_FRAMEWORK_HEADER = YES;
				CLANG_WARN_RANGE_LOOP_ANALYSIS = YES;
				CLANG_WARN_STRICT_PROTOTYPES = YES;
				CLANG_WARN_SUSPICIOUS_MOVE = YES;
				CLANG_WARN_UNGUARDED_AVAILABILITY = YES_AGGRESSIVE;
				CLANG_WARN_UNREACHABLE_CODE = YES;
				CLANG_WARN__DUPLICATE_METHOD_MATCH = YES;
				COPY_PHASE_STRIP = NO;
				DEBUG_INFORMATION_FORMAT = "dwarf-with-dsym";
				ENABLE_NS_ASSERTIONS = NO;
				ENABLE_STRICT_OBJC_MSGSEND = YES;
				GCC_C_LANGUAGE_STANDARD = gnu11;
				GCC_NO_COMMON_BLOCKS = YES;
				GCC_WARN_64_TO_32_BIT_CONVERSION = YES;
				GCC_WARN_ABOUT_RETURN_TYPE = YES_ERROR;
				GCC_WARN_UNDECLARED_SELECTOR = YES;
				GCC_WARN_UNINITIALIZED_AUTOS = YES_AGGRESSIVE;
				GCC_WARN_UNUSED_FUNCTION = YES;
				GCC_WARN_UNUSED_VARIABLE = YES;
				IPHONEOS_DEPLOYMENT_TARGET = 15.5;
				MTL_ENABLE_DEBUG_INFO = NO;
				MTL_FAST_MATH = YES;
				SDKROOT = iphoneos;
				SWIFT_COMPILATION_MODE = wholemodule;
				SWIFT_OPTIMIZATION_LEVEL = "-O";
				VALIDATE_PRODUCT = YES;
			};
			name = Release;
		};
		2C5E1D9528A6CB3D00B1C108 /* Debug */ = {
			isa = XCBuildConfiguration;
			buildSettings = {
				ASSETCATALOG_COMPILER_APPICON_NAME = AppIcon;
				ASSETCATALOG_COMPILER_GLOBAL_ACCENT_COLOR_NAME = AccentColor;
				CODE_SIGN_STYLE = Automatic;
				CURRENT_PROJECT_VERSION = 1;
				DEVELOPMENT_ASSET_PATHS = "\"SwiftUI-Design-Example/Preview Content\"";
				ENABLE_PREVIEWS = YES;
				GENERATE_INFOPLIST_FILE = YES;
				INFOPLIST_KEY_UIApplicationSceneManifest_Generation = YES;
				INFOPLIST_KEY_UIApplicationSupportsIndirectInputEvents = YES;
				INFOPLIST_KEY_UILaunchScreen_Generation = YES;
				INFOPLIST_KEY_UISupportedInterfaceOrientations_iPad = "UIInterfaceOrientationPortrait UIInterfaceOrientationPortraitUpsideDown UIInterfaceOrientationLandscapeLeft UIInterfaceOrientationLandscapeRight";
				INFOPLIST_KEY_UISupportedInterfaceOrientations_iPhone = "UIInterfaceOrientationPortrait UIInterfaceOrientationLandscapeLeft UIInterfaceOrientationLandscapeRight";
				LD_RUNPATH_SEARCH_PATHS = (
					"$(inherited)",
					"@executable_path/Frameworks",
				);
				MARKETING_VERSION = 1.0;
				PRODUCT_BUNDLE_IDENTIFIER = "com.ms1.SwiftUI-Design-Example";
				PRODUCT_NAME = "$(TARGET_NAME)";
				SWIFT_EMIT_LOC_STRINGS = YES;
				SWIFT_VERSION = 5.0;
				TARGETED_DEVICE_FAMILY = "1,2";
			};
			name = Debug;
		};
		2C5E1D9628A6CB3D00B1C108 /* Release */ = {
			isa = XCBuildConfiguration;
			buildSettings = {
				ASSETCATALOG_COMPILER_APPICON_NAME = AppIcon;
				ASSETCATALOG_COMPILER_GLOBAL_ACCENT_COLOR_NAME = AccentColor;
				CODE_SIGN_STYLE = Automatic;
				CURRENT_PROJECT_VERSION = 1;
				DEVELOPMENT_ASSET_PATHS = "\"SwiftUI-Design-Example/Preview Content\"";
				ENABLE_PREVIEWS = YES;
				GENERATE_INFOPLIST_FILE = YES;
				INFOPLIST_KEY_UIApplicationSceneManifest_Generation = YES;
				INFOPLIST_KEY_UIApplicationSupportsIndirectInputEvents = YES;
				INFOPLIST_KEY_UILaunchScreen_Generation = YES;
				INFOPLIST_KEY_UISupportedInterfaceOrientations_iPad = "UIInterfaceOrientationPortrait UIInterfaceOrientationPortraitUpsideDown UIInterfaceOrientationLandscapeLeft UIInterfaceOrientationLandscapeRight";
				INFOPLIST_KEY_UISupportedInterfaceOrientations_iPhone = "UIInterfaceOrientationPortrait UIInterfaceOrientationLandscapeLeft UIInterfaceOrientationLandscapeRight";
				LD_RUNPATH_SEARCH_PATHS = (
					"$(inherited)",
					"@executable_path/Frameworks",
				);
				MARKETING_VERSION = 1.0;
				PRODUCT_BUNDLE_IDENTIFIER = "com.ms1.SwiftUI-Design-Example";
				PRODUCT_NAME = "$(TARGET_NAME)";
				SWIFT_EMIT_LOC_STRINGS = YES;
				SWIFT_VERSION = 5.0;
				TARGETED_DEVICE_FAMILY = "1,2";
			};
			name = Release;
		};
/* End XCBuildConfiguration section */

/* Begin XCConfigurationList section */
		2C5E1D8128A6CB3A00B1C108 /* Build configuration list for PBXProject "SwiftUI-Design-Example" */ = {
			isa = XCConfigurationList;
			buildConfigurations = (
				2C5E1D9228A6CB3D00B1C108 /* Debug */,
				2C5E1D9328A6CB3D00B1C108 /* Release */,
			);
			defaultConfigurationIsVisible = 0;
			defaultConfigurationName = Release;
		};
		2C5E1D9428A6CB3D00B1C108 /* Build configuration list for PBXNativeTarget "SwiftUI-Design-Example" */ = {
			isa = XCConfigurationList;
			buildConfigurations = (
				2C5E1D9528A6CB3D00B1C108 /* Debug */,
				2C5E1D9628A6CB3D00B1C108 /* Release */,
			);
			defaultConfigurationIsVisible = 0;
			defaultConfigurationName = Release;
		};
/* End XCConfigurationList section */
	};
	rootObject = 2C5E1D7E28A6CB3A00B1C108 /* Project object */;
}
